// !$*UTF8*$!
{
	archiveVersion = 1;
	classes = {
	};
	objectVersion = 55;
	objects = {

/* Begin PBXBuildFile section */
		C4DA2D1827F7616300B14E08 /* AppDelegate.swift in Sources */ = {isa = PBXBuildFile; fileRef = C4DA2D1727F7616300B14E08 /* AppDelegate.swift */; };
		C4DA2D1A27F7616300B14E08 /* SceneDelegate.swift in Sources */ = {isa = PBXBuildFile; fileRef = C4DA2D1927F7616300B14E08 /* SceneDelegate.swift */; };
		C4DA2D1F27F7616300B14E08 /* Main.storyboard in Resources */ = {isa = PBXBuildFile; fileRef = C4DA2D1D27F7616300B14E08 /* Main.storyboard */; };
		C4DA2D2127F7616500B14E08 /* Assets.xcassets in Resources */ = {isa = PBXBuildFile; fileRef = C4DA2D2027F7616500B14E08 /* Assets.xcassets */; };
		C4DA2D2427F7616500B14E08 /* LaunchScreen.storyboard in Resources */ = {isa = PBXBuildFile; fileRef = C4DA2D2227F7616500B14E08 /* LaunchScreen.storyboard */; };
		C4DA2D3027F761C500B14E08 /* Person.swift in Sources */ = {isa = PBXBuildFile; fileRef = C4DA2D2F27F761C500B14E08 /* Person.swift */; };
		C4DA2D3327F7649400B14E08 /* PersonListViewController.swift in Sources */ = {isa = PBXBuildFile; fileRef = C4DA2D3227F7649400B14E08 /* PersonListViewController.swift */; };
		C4DA2D3527F7668B00B14E08 /* FullInfoViewController.swift in Sources */ = {isa = PBXBuildFile; fileRef = C4DA2D3427F7668B00B14E08 /* FullInfoViewController.swift */; };
		C4DA2D3727F7687700B14E08 /* TabBarViewController.swift in Sources */ = {isa = PBXBuildFile; fileRef = C4DA2D3627F7687700B14E08 /* TabBarViewController.swift */; };
		C4DA2D3B27F76ECC00B14E08 /* SectionTableViewController.swift in Sources */ = {isa = PBXBuildFile; fileRef = C4DA2D3A27F76ECB00B14E08 /* SectionTableViewController.swift */; };
		C4DA2D3D27F84FA800B14E08 /* DataManeger.swift in Sources */ = {isa = PBXBuildFile; fileRef = C4DA2D3C27F84FA800B14E08 /* DataManeger.swift */; };
/* End PBXBuildFile section */

/* Begin PBXFileReference section */
		C4DA2D1427F7616300B14E08 /* Contact List.app */ = {isa = PBXFileReference; explicitFileType = wrapper.application; includeInIndex = 0; path = "Contact List.app"; sourceTree = BUILT_PRODUCTS_DIR; };
		C4DA2D1727F7616300B14E08 /* AppDelegate.swift */ = {isa = PBXFileReference; lastKnownFileType = sourcecode.swift; path = AppDelegate.swift; sourceTree = "<group>"; };
		C4DA2D1927F7616300B14E08 /* SceneDelegate.swift */ = {isa = PBXFileReference; lastKnownFileType = sourcecode.swift; path = SceneDelegate.swift; sourceTree = "<group>"; };
		C4DA2D1E27F7616300B14E08 /* Base */ = {isa = PBXFileReference; lastKnownFileType = file.storyboard; name = Base; path = Base.lproj/Main.storyboard; sourceTree = "<group>"; };
		C4DA2D2027F7616500B14E08 /* Assets.xcassets */ = {isa = PBXFileReference; lastKnownFileType = folder.assetcatalog; path = Assets.xcassets; sourceTree = "<group>"; };
		C4DA2D2327F7616500B14E08 /* Base */ = {isa = PBXFileReference; lastKnownFileType = file.storyboard; name = Base; path = Base.lproj/LaunchScreen.storyboard; sourceTree = "<group>"; };
		C4DA2D2527F7616500B14E08 /* Info.plist */ = {isa = PBXFileReference; lastKnownFileType = text.plist.xml; path = Info.plist; sourceTree = "<group>"; };
		C4DA2D2F27F761C500B14E08 /* Person.swift */ = {isa = PBXFileReference; lastKnownFileType = sourcecode.swift; path = Person.swift; sourceTree = "<group>"; };
		C4DA2D3227F7649400B14E08 /* PersonListViewController.swift */ = {isa = PBXFileReference; lastKnownFileType = sourcecode.swift; path = PersonListViewController.swift; sourceTree = "<group>"; };
		C4DA2D3427F7668B00B14E08 /* FullInfoViewController.swift */ = {isa = PBXFileReference; lastKnownFileType = sourcecode.swift; path = FullInfoViewController.swift; sourceTree = "<group>"; };
		C4DA2D3627F7687700B14E08 /* TabBarViewController.swift */ = {isa = PBXFileReference; lastKnownFileType = sourcecode.swift; path = TabBarViewController.swift; sourceTree = "<group>"; };
		C4DA2D3A27F76ECB00B14E08 /* SectionTableViewController.swift */ = {isa = PBXFileReference; lastKnownFileType = sourcecode.swift; path = SectionTableViewController.swift; sourceTree = "<group>"; };
		C4DA2D3C27F84FA800B14E08 /* DataManeger.swift */ = {isa = PBXFileReference; lastKnownFileType = sourcecode.swift; path = DataManeger.swift; sourceTree = "<group>"; };
/* End PBXFileReference section */

/* Begin PBXFrameworksBuildPhase section */
		C4DA2D1127F7616300B14E08 /* Frameworks */ = {
			isa = PBXFrameworksBuildPhase;
			buildActionMask = 2147483647;
			files = (
			);
			runOnlyForDeploymentPostprocessing = 0;
		};
/* End PBXFrameworksBuildPhase section */

/* Begin PBXGroup section */
		C4DA2D0B27F7616300B14E08 = {
			isa = PBXGroup;
			children = (
				C4DA2D1627F7616300B14E08 /* Contact List */,
				C4DA2D1527F7616300B14E08 /* Products */,
			);
			sourceTree = "<group>";
		};
		C4DA2D1527F7616300B14E08 /* Products */ = {
			isa = PBXGroup;
			children = (
				C4DA2D1427F7616300B14E08 /* Contact List.app */,
			);
			name = Products;
			sourceTree = "<group>";
		};
		C4DA2D1627F7616300B14E08 /* Contact List */ = {
			isa = PBXGroup;
			children = (
				C4DA2D3127F7645F00B14E08 /* ViewControllers */,
				C4DA2D2E27F761B600B14E08 /* Models */,
				C4DA2D2B27F7617D00B14E08 /* App */,
				C4DA2D2C27F7619B00B14E08 /* Storyboards */,
				C4DA2D2D27F761A900B14E08 /* Resorces */,
			);
			path = "Contact List";
			sourceTree = "<group>";
		};
		C4DA2D2B27F7617D00B14E08 /* App */ = {
			isa = PBXGroup;
			children = (
				C4DA2D1727F7616300B14E08 /* AppDelegate.swift */,
				C4DA2D1927F7616300B14E08 /* SceneDelegate.swift */,
				C4DA2D2527F7616500B14E08 /* Info.plist */,
			);
			path = App;
			sourceTree = "<group>";
		};
		C4DA2D2C27F7619B00B14E08 /* Storyboards */ = {
			isa = PBXGroup;
			children = (
				C4DA2D1D27F7616300B14E08 /* Main.storyboard */,
				C4DA2D2227F7616500B14E08 /* LaunchScreen.storyboard */,
			);
			path = Storyboards;
			sourceTree = "<group>";
		};
		C4DA2D2D27F761A900B14E08 /* Resorces */ = {
			isa = PBXGroup;
			children = (
				C4DA2D2027F7616500B14E08 /* Assets.xcassets */,
			);
			path = Resorces;
			sourceTree = "<group>";
		};
		C4DA2D2E27F761B600B14E08 /* Models */ = {
			isa = PBXGroup;
			children = (
				C4DA2D2F27F761C500B14E08 /* Person.swift */,
				C4DA2D3C27F84FA800B14E08 /* DataManeger.swift */,
			);
			path = Models;
			sourceTree = "<group>";
		};
		C4DA2D3127F7645F00B14E08 /* ViewControllers */ = {
			isa = PBXGroup;
			children = (
				C4DA2D3227F7649400B14E08 /* PersonListViewController.swift */,
				C4DA2D3427F7668B00B14E08 /* FullInfoViewController.swift */,
				C4DA2D3627F7687700B14E08 /* TabBarViewController.swift */,
				C4DA2D3A27F76ECB00B14E08 /* SectionTableViewController.swift */,
			);
			path = ViewControllers;
			sourceTree = "<group>";
		};
/* End PBXGroup section */

/* Begin PBXNativeTarget section */
		C4DA2D1327F7616300B14E08 /* Contact List */ = {
			isa = PBXNativeTarget;
			buildConfigurationList = C4DA2D2827F7616500B14E08 /* Build configuration list for PBXNativeTarget "Contact List" */;
			buildPhases = (
				C4DA2D1027F7616300B14E08 /* Sources */,
				C4DA2D1127F7616300B14E08 /* Frameworks */,
				C4DA2D1227F7616300B14E08 /* Resources */,
			);
			buildRules = (
			);
			dependencies = (
			);
			name = "Contact List";
			productName = "Contact List";
			productReference = C4DA2D1427F7616300B14E08 /* Contact List.app */;
			productType = "com.apple.product-type.application";
		};
/* End PBXNativeTarget section */

/* Begin PBXProject section */
		C4DA2D0C27F7616300B14E08 /* Project object */ = {
			isa = PBXProject;
			attributes = {
				BuildIndependentTargetsInParallel = 1;
				LastSwiftUpdateCheck = 1320;
				LastUpgradeCheck = 1320;
				TargetAttributes = {
					C4DA2D1327F7616300B14E08 = {
						CreatedOnToolsVersion = 13.2.1;
					};
				};
			};
			buildConfigurationList = C4DA2D0F27F7616300B14E08 /* Build configuration list for PBXProject "Contact List" */;
			compatibilityVersion = "Xcode 13.0";
			developmentRegion = en;
			hasScannedForEncodings = 0;
			knownRegions = (
				en,
				Base,
			);
			mainGroup = C4DA2D0B27F7616300B14E08;
			productRefGroup = C4DA2D1527F7616300B14E08 /* Products */;
			projectDirPath = "";
			projectRoot = "";
			targets = (
				C4DA2D1327F7616300B14E08 /* Contact List */,
			);
		};
/* End PBXProject section */

/* Begin PBXResourcesBuildPhase section */
		C4DA2D1227F7616300B14E08 /* Resources */ = {
			isa = PBXResourcesBuildPhase;
			buildActionMask = 2147483647;
			files = (
				C4DA2D2427F7616500B14E08 /* LaunchScreen.storyboard in Resources */,
				C4DA2D2127F7616500B14E08 /* Assets.xcassets in Resources */,
				C4DA2D1F27F7616300B14E08 /* Main.storyboard in Resources */,
			);
			runOnlyForDeploymentPostprocessing = 0;
		};
/* End PBXResourcesBuildPhase section */

/* Begin PBXSourcesBuildPhase section */
		C4DA2D1027F7616300B14E08 /* Sources */ = {
			isa = PBXSourcesBuildPhase;
			buildActionMask = 2147483647;
			files = (
				C4DA2D3027F761C500B14E08 /* Person.swift in Sources */,
				C4DA2D3527F7668B00B14E08 /* FullInfoViewController.swift in Sources */,
				C4DA2D1827F7616300B14E08 /* AppDelegate.swift in Sources */,
				C4DA2D1A27F7616300B14E08 /* SceneDelegate.swift in Sources */,
				C4DA2D3B27F76ECC00B14E08 /* SectionTableViewController.swift in Sources */,
				C4DA2D3D27F84FA800B14E08 /* DataManeger.swift in Sources */,
				C4DA2D3727F7687700B14E08 /* TabBarViewController.swift in Sources */,
				C4DA2D3327F7649400B14E08 /* PersonListViewController.swift in Sources */,
			);
			runOnlyForDeploymentPostprocessing = 0;
		};
/* End PBXSourcesBuildPhase section */

/* Begin PBXVariantGroup section */
		C4DA2D1D27F7616300B14E08 /* Main.storyboard */ = {
			isa = PBXVariantGroup;
			children = (
				C4DA2D1E27F7616300B14E08 /* Base */,
			);
			name = Main.storyboard;
			sourceTree = "<group>";
		};
		C4DA2D2227F7616500B14E08 /* LaunchScreen.storyboard */ = {
			isa = PBXVariantGroup;
			children = (
				C4DA2D2327F7616500B14E08 /* Base */,
			);
			name = LaunchScreen.storyboard;
			sourceTree = "<group>";
		};
/* End PBXVariantGroup section */

/* Begin XCBuildConfiguration section */
		C4DA2D2627F7616500B14E08 /* Debug */ = {
			isa = XCBuildConfiguration;
			buildSettings = {
				ALWAYS_SEARCH_USER_PATHS = NO;
				CLANG_ANALYZER_NONNULL = YES;
				CLANG_ANALYZER_NUMBER_OBJECT_CONVERSION = YES_AGGRESSIVE;
				CLANG_CXX_LANGUAGE_STANDARD = "gnu++17";
				CLANG_CXX_LIBRARY = "libc++";
				CLANG_ENABLE_MODULES = YES;
				CLANG_ENABLE_OBJC_ARC = YES;
				CLANG_ENABLE_OBJC_WEAK = YES;
				CLANG_WARN_BLOCK_CAPTURE_AUTORELEASING = YES;
				CLANG_WARN_BOOL_CONVERSION = YES;
				CLANG_WARN_COMMA = YES;
				CLANG_WARN_CONSTANT_CONVERSION = YES;
				CLANG_WARN_DEPRECATED_OBJC_IMPLEMENTATIONS = YES;
				CLANG_WARN_DIRECT_OBJC_ISA_USAGE = YES_ERROR;
				CLANG_WARN_DOCUMENTATION_COMMENTS = YES;
				CLANG_WARN_EMPTY_BODY = YES;
				CLANG_WARN_ENUM_CONVERSION = YES;
				CLANG_WARN_INFINITE_RECURSION = YES;
				CLANG_WARN_INT_CONVERSION = YES;
				CLANG_WARN_NON_LITERAL_NULL_CONVERSION = YES;
				CLANG_WARN_OBJC_IMPLICIT_RETAIN_SELF = YES;
				CLANG_WARN_OBJC_LITERAL_CONVERSION = YES;
				CLANG_WARN_OBJC_ROOT_CLASS = YES_ERROR;
				CLANG_WARN_QUOTED_INCLUDE_IN_FRAMEWORK_HEADER = YES;
				CLANG_WARN_RANGE_LOOP_ANALYSIS = YES;
				CLANG_WARN_STRICT_PROTOTYPES = YES;
				CLANG_WARN_SUSPICIOUS_MOVE = YES;
				CLANG_WARN_UNGUARDED_AVAILABILITY = YES_AGGRESSIVE;
				CLANG_WARN_UNREACHABLE_CODE = YES;
				CLANG_WARN__DUPLICATE_METHOD_MATCH = YES;
				COPY_PHASE_STRIP = NO;
				DEBUG_INFORMATION_FORMAT = dwarf;
				ENABLE_STRICT_OBJC_MSGSEND = YES;
				ENABLE_TESTABILITY = YES;
				GCC_C_LANGUAGE_STANDARD = gnu11;
				GCC_DYNAMIC_NO_PIC = NO;
				GCC_NO_COMMON_BLOCKS = YES;
				GCC_OPTIMIZATION_LEVEL = 0;
				GCC_PREPROCESSOR_DEFINITIONS = (
					"DEBUG=1",
					"$(inherited)",
				);
				GCC_WARN_64_TO_32_BIT_CONVERSION = YES;
				GCC_WARN_ABOUT_RETURN_TYPE = YES_ERROR;
				GCC_WARN_UNDECLARED_SELECTOR = YES;
				GCC_WARN_UNINITIALIZED_AUTOS = YES_AGGRESSIVE;
				GCC_WARN_UNUSED_FUNCTION = YES;
				GCC_WARN_UNUSED_VARIABLE = YES;
				IPHONEOS_DEPLOYMENT_TARGET = 15.2;
				MTL_ENABLE_DEBUG_INFO = INCLUDE_SOURCE;
				MTL_FAST_MATH = YES;
				ONLY_ACTIVE_ARCH = YES;
				SDKROOT = iphoneos;
				SWIFT_ACTIVE_COMPILATION_CONDITIONS = DEBUG;
				SWIFT_OPTIMIZATION_LEVEL = "-Onone";
			};
			name = Debug;
		};
		C4DA2D2727F7616500B14E08 /* Release */ = {
			isa = XCBuildConfiguration;
			buildSettings = {
				ALWAYS_SEARCH_USER_PATHS = NO;
				CLANG_ANALYZER_NONNULL = YES;
				CLANG_ANALYZER_NUMBER_OBJECT_CONVERSION = YES_AGGRESSIVE;
				CLANG_CXX_LANGUAGE_STANDARD = "gnu++17";
				CLANG_CXX_LIBRARY = "libc++";
				CLANG_ENABLE_MODULES = YES;
				CLANG_ENABLE_OBJC_ARC = YES;
				CLANG_ENABLE_OBJC_WEAK = YES;
				CLANG_WARN_BLOCK_CAPTURE_AUTORELEASING = YES;
				CLANG_WARN_BOOL_CONVERSION = YES;
				CLANG_WARN_COMMA = YES;
				CLANG_WARN_CONSTANT_CONVERSION = YES;
				CLANG_WARN_DEPRECATED_OBJC_IMPLEMENTATIONS = YES;
				CLANG_WARN_DIRECT_OBJC_ISA_USAGE = YES_ERROR;
				CLANG_WARN_DOCUMENTATION_COMMENTS = YES;
				CLANG_WARN_EMPTY_BODY = YES;
				CLANG_WARN_ENUM_CONVERSION = YES;
				CLANG_WARN_INFINITE_RECURSION = YES;
				CLANG_WARN_INT_CONVERSION = YES;
				CLANG_WARN_NON_LITERAL_NULL_CONVERSION = YES;
				CLANG_WARN_OBJC_IMPLICIT_RETAIN_SELF = YES;
				CLANG_WARN_OBJC_LITERAL_CONVERSION = YES;
				CLANG_WARN_OBJC_ROOT_CLASS = YES_ERROR;
				CLANG_WARN_QUOTED_INCLUDE_IN_FRAMEWORK_HEADER = YES;
				CLANG_WARN_RANGE_LOOP_ANALYSIS = YES;
				CLANG_WARN_STRICT_PROTOTYPES = YES;
				CLANG_WARN_SUSPICIOUS_MOVE = YES;
				CLANG_WARN_UNGUARDED_AVAILABILITY = YES_AGGRESSIVE;
				CLANG_WARN_UNREACHABLE_CODE = YES;
				CLANG_WARN__DUPLICATE_METHOD_MATCH = YES;
				COPY_PHASE_STRIP = NO;
				DEBUG_INFORMATION_FORMAT = "dwarf-with-dsym";
				ENABLE_NS_ASSERTIONS = NO;
				ENABLE_STRICT_OBJC_MSGSEND = YES;
				GCC_C_LANGUAGE_STANDARD = gnu11;
				GCC_NO_COMMON_BLOCKS = YES;
				GCC_WARN_64_TO_32_BIT_CONVERSION = YES;
				GCC_WARN_ABOUT_RETURN_TYPE = YES_ERROR;
				GCC_WARN_UNDECLARED_SELECTOR = YES;
				GCC_WARN_UNINITIALIZED_AUTOS = YES_AGGRESSIVE;
				GCC_WARN_UNUSED_FUNCTION = YES;
				GCC_WARN_UNUSED_VARIABLE = YES;
				IPHONEOS_DEPLOYMENT_TARGET = 15.2;
				MTL_ENABLE_DEBUG_INFO = NO;
				MTL_FAST_MATH = YES;
				SDKROOT = iphoneos;
				SWIFT_COMPILATION_MODE = wholemodule;
				SWIFT_OPTIMIZATION_LEVEL = "-O";
				VALIDATE_PRODUCT = YES;
			};
			name = Release;
		};
		C4DA2D2927F7616500B14E08 /* Debug */ = {
			isa = XCBuildConfiguration;
			buildSettings = {
				ASSETCATALOG_COMPILER_APPICON_NAME = AppIcon;
				ASSETCATALOG_COMPILER_GLOBAL_ACCENT_COLOR_NAME = AccentColor;
				CODE_SIGN_STYLE = Automatic;
				CURRENT_PROJECT_VERSION = 1;
				DEVELOPMENT_TEAM = 3LNA9DKLNP;
				GENERATE_INFOPLIST_FILE = YES;
				INFOPLIST_FILE = "Contact List/App/Info.plist";
				INFOPLIST_KEY_UIApplicationSupportsIndirectInputEvents = YES;
				INFOPLIST_KEY_UILaunchStoryboardName = LaunchScreen;
				INFOPLIST_KEY_UIMainStoryboardFile = Main;
				INFOPLIST_KEY_UISupportedInterfaceOrientations_iPad = "UIInterfaceOrientationPortrait UIInterfaceOrientationPortraitUpsideDown UIInterfaceOrientationLandscapeLeft UIInterfaceOrientationLandscapeRight";
				INFOPLIST_KEY_UISupportedInterfaceOrientations_iPhone = "UIInterfaceOrientationPortrait UIInterfaceOrientationLandscapeLeft UIInterfaceOrientationLandscapeRight";
				LD_RUNPATH_SEARCH_PATHS = (
					"$(inherited)",
					"@executable_path/Frameworks",
				);
				MARKETING_VERSION = 1.0;
				PRODUCT_BUNDLE_IDENTIFIER = "kolesnikov.Contact-List";
				PRODUCT_NAME = "$(TARGET_NAME)";
				SWIFT_EMIT_LOC_STRINGS = YES;
				SWIFT_VERSION = 5.0;
				TARGETED_DEVICE_FAMILY = "1,2";
			};
			name = Debug;
		};
		C4DA2D2A27F7616500B14E08 /* Release */ = {
			isa = XCBuildConfiguration;
			buildSettings = {
				ASSETCATALOG_COMPILER_APPICON_NAME = AppIcon;
				ASSETCATALOG_COMPILER_GLOBAL_ACCENT_COLOR_NAME = AccentColor;
				CODE_SIGN_STYLE = Automatic;
				CURRENT_PROJECT_VERSION = 1;
				DEVELOPMENT_TEAM = 3LNA9DKLNP;
				GENERATE_INFOPLIST_FILE = YES;
				INFOPLIST_FILE = "Contact List/App/Info.plist";
				INFOPLIST_KEY_UIApplicationSupportsIndirectInputEvents = YES;
				INFOPLIST_KEY_UILaunchStoryboardName = LaunchScreen;
				INFOPLIST_KEY_UIMainStoryboardFile = Main;
				INFOPLIST_KEY_UISupportedInterfaceOrientations_iPad = "UIInterfaceOrientationPortrait UIInterfaceOrientationPortraitUpsideDown UIInterfaceOrientationLandscapeLeft UIInterfaceOrientationLandscapeRight";
				INFOPLIST_KEY_UISupportedInterfaceOrientations_iPhone = "UIInterfaceOrientationPortrait UIInterfaceOrientationLandscapeLeft UIInterfaceOrientationLandscapeRight";
				LD_RUNPATH_SEARCH_PATHS = (
					"$(inherited)",
					"@executable_path/Frameworks",
				);
				MARKETING_VERSION = 1.0;
				PRODUCT_BUNDLE_IDENTIFIER = "kolesnikov.Contact-List";
				PRODUCT_NAME = "$(TARGET_NAME)";
				SWIFT_EMIT_LOC_STRINGS = YES;
				SWIFT_VERSION = 5.0;
				TARGETED_DEVICE_FAMILY = "1,2";
			};
			name = Release;
		};
/* End XCBuildConfiguration section */

/* Begin XCConfigurationList section */
		C4DA2D0F27F7616300B14E08 /* Build configuration list for PBXProject "Contact List" */ = {
			isa = XCConfigurationList;
			buildConfigurations = (
				C4DA2D2627F7616500B14E08 /* Debug */,
				C4DA2D2727F7616500B14E08 /* Release */,
			);
			defaultConfigurationIsVisible = 0;
			defaultConfigurationName = Release;
		};
		C4DA2D2827F7616500B14E08 /* Build configuration list for PBXNativeTarget "Contact List" */ = {
			isa = XCConfigurationList;
			buildConfigurations = (
				C4DA2D2927F7616500B14E08 /* Debug */,
				C4DA2D2A27F7616500B14E08 /* Release */,
			);
			defaultConfigurationIsVisible = 0;
			defaultConfigurationName = Release;
		};
/* End XCConfigurationList section */
	};
	rootObject = C4DA2D0C27F7616300B14E08 /* Project object */;
}
